// !$*UTF8*$!
{
	archiveVersion = 1;
	classes = {
	};
	objectVersion = 56;
	objects = {

/* Begin PBXBuildFile section */
		179206622AF13EFA006B298A /* CusomView.swift in Sources */ = {isa = PBXBuildFile; fileRef = 179206612AF13EFA006B298A /* CusomView.swift */; };
		179206642AF13F2F006B298A /* SettingsView.swift in Sources */ = {isa = PBXBuildFile; fileRef = 179206632AF13F2F006B298A /* SettingsView.swift */; };
		684BBCD62AE92A640029E84F /* TodoApp.swift in Sources */ = {isa = PBXBuildFile; fileRef = 684BBCD52AE92A640029E84F /* TodoApp.swift */; };
		684BBCD82AE92A640029E84F /* ContentView.swift in Sources */ = {isa = PBXBuildFile; fileRef = 684BBCD72AE92A640029E84F /* ContentView.swift */; };
		684BBCDA2AE92A660029E84F /* Assets.xcassets in Resources */ = {isa = PBXBuildFile; fileRef = 684BBCD92AE92A660029E84F /* Assets.xcassets */; };
		684BBCDD2AE92A660029E84F /* Preview Assets.xcassets in Resources */ = {isa = PBXBuildFile; fileRef = 684BBCDC2AE92A660029E84F /* Preview Assets.xcassets */; };
		684BBCE72AE92A660029E84F /* TodoTests.swift in Sources */ = {isa = PBXBuildFile; fileRef = 684BBCE62AE92A660029E84F /* TodoTests.swift */; };
		684BBCF12AE92A660029E84F /* TodoUITests.swift in Sources */ = {isa = PBXBuildFile; fileRef = 684BBCF02AE92A660029E84F /* TodoUITests.swift */; };
		684BBCF32AE92A660029E84F /* TodoUITestsLaunchTests.swift in Sources */ = {isa = PBXBuildFile; fileRef = 684BBCF22AE92A660029E84F /* TodoUITestsLaunchTests.swift */; };
		68B9FEE62AEAD24C00D89559 /* Model.xcdatamodeld in Sources */ = {isa = PBXBuildFile; fileRef = 68B9FEE42AEAD24C00D89559 /* Model.xcdatamodeld */; };
		68B9FEE92AEAD3EC00D89559 /* DataController.swift in Sources */ = {isa = PBXBuildFile; fileRef = 68B9FEE82AEAD3EC00D89559 /* DataController.swift */; };
		68B9FEED2AEAE14D00D89559 /* AddTaskView.swift in Sources */ = {isa = PBXBuildFile; fileRef = 68B9FEEC2AEAE14D00D89559 /* AddTaskView.swift */; };
		68B9FEEF2AEAE28000D89559 /* TodoTask.swift in Sources */ = {isa = PBXBuildFile; fileRef = 68B9FEEE2AEAE28000D89559 /* TodoTask.swift */; };
/* End PBXBuildFile section */

/* Begin PBXContainerItemProxy section */
		684BBCE32AE92A660029E84F /* PBXContainerItemProxy */ = {
			isa = PBXContainerItemProxy;
			containerPortal = 684BBCCA2AE92A640029E84F /* Project object */;
			proxyType = 1;
			remoteGlobalIDString = 684BBCD12AE92A640029E84F;
			remoteInfo = Todo;
		};
		684BBCED2AE92A660029E84F /* PBXContainerItemProxy */ = {
			isa = PBXContainerItemProxy;
			containerPortal = 684BBCCA2AE92A640029E84F /* Project object */;
			proxyType = 1;
			remoteGlobalIDString = 684BBCD12AE92A640029E84F;
			remoteInfo = Todo;
		};
/* End PBXContainerItemProxy section */

/* Begin PBXFileReference section */
		179206612AF13EFA006B298A /* CusomView.swift */ = {isa = PBXFileReference; lastKnownFileType = sourcecode.swift; path = CusomView.swift; sourceTree = "<group>"; };
		179206632AF13F2F006B298A /* SettingsView.swift */ = {isa = PBXFileReference; lastKnownFileType = sourcecode.swift; path = SettingsView.swift; sourceTree = "<group>"; };
		684BBCD22AE92A640029E84F /* Todo.app */ = {isa = PBXFileReference; explicitFileType = wrapper.application; includeInIndex = 0; path = Todo.app; sourceTree = BUILT_PRODUCTS_DIR; };
		684BBCD52AE92A640029E84F /* TodoApp.swift */ = {isa = PBXFileReference; lastKnownFileType = sourcecode.swift; path = TodoApp.swift; sourceTree = "<group>"; };
		684BBCD72AE92A640029E84F /* ContentView.swift */ = {isa = PBXFileReference; lastKnownFileType = sourcecode.swift; path = ContentView.swift; sourceTree = "<group>"; };
		684BBCD92AE92A660029E84F /* Assets.xcassets */ = {isa = PBXFileReference; lastKnownFileType = folder.assetcatalog; path = Assets.xcassets; sourceTree = "<group>"; };
		684BBCDC2AE92A660029E84F /* Preview Assets.xcassets */ = {isa = PBXFileReference; lastKnownFileType = folder.assetcatalog; path = "Preview Assets.xcassets"; sourceTree = "<group>"; };
		684BBCE22AE92A660029E84F /* TodoTests.xctest */ = {isa = PBXFileReference; explicitFileType = wrapper.cfbundle; includeInIndex = 0; path = TodoTests.xctest; sourceTree = BUILT_PRODUCTS_DIR; };
		684BBCE62AE92A660029E84F /* TodoTests.swift */ = {isa = PBXFileReference; lastKnownFileType = sourcecode.swift; path = TodoTests.swift; sourceTree = "<group>"; };
		684BBCEC2AE92A660029E84F /* TodoUITests.xctest */ = {isa = PBXFileReference; explicitFileType = wrapper.cfbundle; includeInIndex = 0; path = TodoUITests.xctest; sourceTree = BUILT_PRODUCTS_DIR; };
		684BBCF02AE92A660029E84F /* TodoUITests.swift */ = {isa = PBXFileReference; lastKnownFileType = sourcecode.swift; path = TodoUITests.swift; sourceTree = "<group>"; };
		684BBCF22AE92A660029E84F /* TodoUITestsLaunchTests.swift */ = {isa = PBXFileReference; lastKnownFileType = sourcecode.swift; path = TodoUITestsLaunchTests.swift; sourceTree = "<group>"; };
		68B9FEE52AEAD24C00D89559 /* Model.xcdatamodel */ = {isa = PBXFileReference; lastKnownFileType = wrapper.xcdatamodel; path = Model.xcdatamodel; sourceTree = "<group>"; };
		68B9FEE82AEAD3EC00D89559 /* DataController.swift */ = {isa = PBXFileReference; lastKnownFileType = sourcecode.swift; path = DataController.swift; sourceTree = "<group>"; };
		68B9FEEC2AEAE14D00D89559 /* AddTaskView.swift */ = {isa = PBXFileReference; lastKnownFileType = sourcecode.swift; path = AddTaskView.swift; sourceTree = "<group>"; };
		68B9FEEE2AEAE28000D89559 /* TodoTask.swift */ = {isa = PBXFileReference; lastKnownFileType = sourcecode.swift; path = TodoTask.swift; sourceTree = "<group>"; };
/* End PBXFileReference section */

/* Begin PBXFrameworksBuildPhase section */
		684BBCCF2AE92A640029E84F /* Frameworks */ = {
			isa = PBXFrameworksBuildPhase;
			buildActionMask = 2147483647;
			files = (
			);
			runOnlyForDeploymentPostprocessing = 0;
		};
		684BBCDF2AE92A660029E84F /* Frameworks */ = {
			isa = PBXFrameworksBuildPhase;
			buildActionMask = 2147483647;
			files = (
			);
			runOnlyForDeploymentPostprocessing = 0;
		};
		684BBCE92AE92A660029E84F /* Frameworks */ = {
			isa = PBXFrameworksBuildPhase;
			buildActionMask = 2147483647;
			files = (
			);
			runOnlyForDeploymentPostprocessing = 0;
		};
/* End PBXFrameworksBuildPhase section */

/* Begin PBXGroup section */
		684BBCC92AE92A640029E84F = {
			isa = PBXGroup;
			children = (
				684BBCD42AE92A640029E84F /* Todo */,
				684BBCE52AE92A660029E84F /* TodoTests */,
				684BBCEF2AE92A660029E84F /* TodoUITests */,
				684BBCD32AE92A640029E84F /* Products */,
			);
			sourceTree = "<group>";
		};
		684BBCD32AE92A640029E84F /* Products */ = {
			isa = PBXGroup;
			children = (
				684BBCD22AE92A640029E84F /* Todo.app */,
				684BBCE22AE92A660029E84F /* TodoTests.xctest */,
				684BBCEC2AE92A660029E84F /* TodoUITests.xctest */,
			);
			name = Products;
			sourceTree = "<group>";
		};
		684BBCD42AE92A640029E84F /* Todo */ = {
			isa = PBXGroup;
			children = (
				68B9FEE72AEAD3B400D89559 /* Models */,
				684BBCD52AE92A640029E84F /* TodoApp.swift */,
				68B9FEE82AEAD3EC00D89559 /* DataController.swift */,
				68B9FEEB2AEAE11600D89559 /* View */,
				684BBCD92AE92A660029E84F /* Assets.xcassets */,
				684BBCDB2AE92A660029E84F /* Preview Content */,
			);
			path = Todo;
			sourceTree = "<group>";
		};
		684BBCDB2AE92A660029E84F /* Preview Content */ = {
			isa = PBXGroup;
			children = (
				684BBCDC2AE92A660029E84F /* Preview Assets.xcassets */,
			);
			path = "Preview Content";
			sourceTree = "<group>";
		};
		684BBCE52AE92A660029E84F /* TodoTests */ = {
			isa = PBXGroup;
			children = (
				684BBCE62AE92A660029E84F /* TodoTests.swift */,
			);
			path = TodoTests;
			sourceTree = "<group>";
		};
		684BBCEF2AE92A660029E84F /* TodoUITests */ = {
			isa = PBXGroup;
			children = (
				684BBCF02AE92A660029E84F /* TodoUITests.swift */,
				684BBCF22AE92A660029E84F /* TodoUITestsLaunchTests.swift */,
			);
			path = TodoUITests;
			sourceTree = "<group>";
		};
		68B9FEE72AEAD3B400D89559 /* Models */ = {
			isa = PBXGroup;
			children = (
				68B9FEE42AEAD24C00D89559 /* Model.xcdatamodeld */,
				68B9FEEE2AEAE28000D89559 /* TodoTask.swift */,
			);
			path = Models;
			sourceTree = "<group>";
		};
		68B9FEEB2AEAE11600D89559 /* View */ = {
			isa = PBXGroup;
			children = (
				684BBCD72AE92A640029E84F /* ContentView.swift */,
				68B9FEEC2AEAE14D00D89559 /* AddTaskView.swift */,
				179206612AF13EFA006B298A /* CusomView.swift */,
				179206632AF13F2F006B298A /* SettingsView.swift */,
			);
			path = View;
			sourceTree = "<group>";
		};
/* End PBXGroup section */

/* Begin PBXNativeTarget section */
		684BBCD12AE92A640029E84F /* Todo */ = {
			isa = PBXNativeTarget;
			buildConfigurationList = 684BBCF62AE92A660029E84F /* Build configuration list for PBXNativeTarget "Todo" */;
			buildPhases = (
				684BBCCE2AE92A640029E84F /* Sources */,
				684BBCCF2AE92A640029E84F /* Frameworks */,
				684BBCD02AE92A640029E84F /* Resources */,
			);
			buildRules = (
			);
			dependencies = (
			);
			name = Todo;
			productName = Todo;
			productReference = 684BBCD22AE92A640029E84F /* Todo.app */;
			productType = "com.apple.product-type.application";
		};
		684BBCE12AE92A660029E84F /* TodoTests */ = {
			isa = PBXNativeTarget;
			buildConfigurationList = 684BBCF92AE92A660029E84F /* Build configuration list for PBXNativeTarget "TodoTests" */;
			buildPhases = (
				684BBCDE2AE92A660029E84F /* Sources */,
				684BBCDF2AE92A660029E84F /* Frameworks */,
				684BBCE02AE92A660029E84F /* Resources */,
			);
			buildRules = (
			);
			dependencies = (
				684BBCE42AE92A660029E84F /* PBXTargetDependency */,
			);
			name = TodoTests;
			productName = TodoTests;
			productReference = 684BBCE22AE92A660029E84F /* TodoTests.xctest */;
			productType = "com.apple.product-type.bundle.unit-test";
		};
		684BBCEB2AE92A660029E84F /* TodoUITests */ = {
			isa = PBXNativeTarget;
			buildConfigurationList = 684BBCFC2AE92A660029E84F /* Build configuration list for PBXNativeTarget "TodoUITests" */;
			buildPhases = (
				684BBCE82AE92A660029E84F /* Sources */,
				684BBCE92AE92A660029E84F /* Frameworks */,
				684BBCEA2AE92A660029E84F /* Resources */,
			);
			buildRules = (
			);
			dependencies = (
				684BBCEE2AE92A660029E84F /* PBXTargetDependency */,
			);
			name = TodoUITests;
			productName = TodoUITests;
			productReference = 684BBCEC2AE92A660029E84F /* TodoUITests.xctest */;
			productType = "com.apple.product-type.bundle.ui-testing";
		};
/* End PBXNativeTarget section */

/* Begin PBXProject section */
		684BBCCA2AE92A640029E84F /* Project object */ = {
			isa = PBXProject;
			attributes = {
				BuildIndependentTargetsInParallel = 1;
				LastSwiftUpdateCheck = 1500;
				LastUpgradeCheck = 1500;
				TargetAttributes = {
					684BBCD12AE92A640029E84F = {
						CreatedOnToolsVersion = 15.0.1;
					};
					684BBCE12AE92A660029E84F = {
						CreatedOnToolsVersion = 15.0.1;
						TestTargetID = 684BBCD12AE92A640029E84F;
					};
					684BBCEB2AE92A660029E84F = {
						CreatedOnToolsVersion = 15.0.1;
						TestTargetID = 684BBCD12AE92A640029E84F;
					};
				};
			};
			buildConfigurationList = 684BBCCD2AE92A640029E84F /* Build configuration list for PBXProject "Todo" */;
			compatibilityVersion = "Xcode 14.0";
			developmentRegion = en;
			hasScannedForEncodings = 0;
			knownRegions = (
				en,
				Base,
			);
			mainGroup = 684BBCC92AE92A640029E84F;
			productRefGroup = 684BBCD32AE92A640029E84F /* Products */;
			projectDirPath = "";
			projectRoot = "";
			targets = (
				684BBCD12AE92A640029E84F /* Todo */,
				684BBCE12AE92A660029E84F /* TodoTests */,
				684BBCEB2AE92A660029E84F /* TodoUITests */,
			);
		};
/* End PBXProject section */

/* Begin PBXResourcesBuildPhase section */
		684BBCD02AE92A640029E84F /* Resources */ = {
			isa = PBXResourcesBuildPhase;
			buildActionMask = 2147483647;
			files = (
				684BBCDD2AE92A660029E84F /* Preview Assets.xcassets in Resources */,
				684BBCDA2AE92A660029E84F /* Assets.xcassets in Resources */,
			);
			runOnlyForDeploymentPostprocessing = 0;
		};
		684BBCE02AE92A660029E84F /* Resources */ = {
			isa = PBXResourcesBuildPhase;
			buildActionMask = 2147483647;
			files = (
			);
			runOnlyForDeploymentPostprocessing = 0;
		};
		684BBCEA2AE92A660029E84F /* Resources */ = {
			isa = PBXResourcesBuildPhase;
			buildActionMask = 2147483647;
			files = (
			);
			runOnlyForDeploymentPostprocessing = 0;
		};
/* End PBXResourcesBuildPhase section */

/* Begin PBXSourcesBuildPhase section */
		684BBCCE2AE92A640029E84F /* Sources */ = {
			isa = PBXSourcesBuildPhase;
			buildActionMask = 2147483647;
			files = (
				684BBCD82AE92A640029E84F /* ContentView.swift in Sources */,
				179206642AF13F2F006B298A /* SettingsView.swift in Sources */,
				179206622AF13EFA006B298A /* CusomView.swift in Sources */,
				68B9FEED2AEAE14D00D89559 /* AddTaskView.swift in Sources */,
				68B9FEE92AEAD3EC00D89559 /* DataController.swift in Sources */,
				684BBCD62AE92A640029E84F /* TodoApp.swift in Sources */,
				68B9FEEF2AEAE28000D89559 /* TodoTask.swift in Sources */,
				68B9FEE62AEAD24C00D89559 /* Model.xcdatamodeld in Sources */,
			);
			runOnlyForDeploymentPostprocessing = 0;
		};
		684BBCDE2AE92A660029E84F /* Sources */ = {
			isa = PBXSourcesBuildPhase;
			buildActionMask = 2147483647;
			files = (
				684BBCE72AE92A660029E84F /* TodoTests.swift in Sources */,
			);
			runOnlyForDeploymentPostprocessing = 0;
		};
		684BBCE82AE92A660029E84F /* Sources */ = {
			isa = PBXSourcesBuildPhase;
			buildActionMask = 2147483647;
			files = (
				684BBCF32AE92A660029E84F /* TodoUITestsLaunchTests.swift in Sources */,
				684BBCF12AE92A660029E84F /* TodoUITests.swift in Sources */,
			);
			runOnlyForDeploymentPostprocessing = 0;
		};
/* End PBXSourcesBuildPhase section */

/* Begin PBXTargetDependency section */
		684BBCE42AE92A660029E84F /* PBXTargetDependency */ = {
			isa = PBXTargetDependency;
			target = 684BBCD12AE92A640029E84F /* Todo */;
			targetProxy = 684BBCE32AE92A660029E84F /* PBXContainerItemProxy */;
		};
		684BBCEE2AE92A660029E84F /* PBXTargetDependency */ = {
			isa = PBXTargetDependency;
			target = 684BBCD12AE92A640029E84F /* Todo */;
			targetProxy = 684BBCED2AE92A660029E84F /* PBXContainerItemProxy */;
		};
/* End PBXTargetDependency section */

/* Begin XCBuildConfiguration section */
		684BBCF42AE92A660029E84F /* Debug */ = {
			isa = XCBuildConfiguration;
			buildSettings = {
				ALWAYS_SEARCH_USER_PATHS = NO;
				ASSETCATALOG_COMPILER_GENERATE_SWIFT_ASSET_SYMBOL_EXTENSIONS = YES;
				CLANG_ANALYZER_NONNULL = YES;
				CLANG_ANALYZER_NUMBER_OBJECT_CONVERSION = YES_AGGRESSIVE;
				CLANG_CXX_LANGUAGE_STANDARD = "gnu++20";
				CLANG_ENABLE_MODULES = YES;
				CLANG_ENABLE_OBJC_ARC = YES;
				CLANG_ENABLE_OBJC_WEAK = YES;
				CLANG_WARN_BLOCK_CAPTURE_AUTORELEASING = YES;
				CLANG_WARN_BOOL_CONVERSION = YES;
				CLANG_WARN_COMMA = YES;
				CLANG_WARN_CONSTANT_CONVERSION = YES;
				CLANG_WARN_DEPRECATED_OBJC_IMPLEMENTATIONS = YES;
				CLANG_WARN_DIRECT_OBJC_ISA_USAGE = YES_ERROR;
				CLANG_WARN_DOCUMENTATION_COMMENTS = YES;
				CLANG_WARN_EMPTY_BODY = YES;
				CLANG_WARN_ENUM_CONVERSION = YES;
				CLANG_WARN_INFINITE_RECURSION = YES;
				CLANG_WARN_INT_CONVERSION = YES;
				CLANG_WARN_NON_LITERAL_NULL_CONVERSION = YES;
				CLANG_WARN_OBJC_IMPLICIT_RETAIN_SELF = YES;
				CLANG_WARN_OBJC_LITERAL_CONVERSION = YES;
				CLANG_WARN_OBJC_ROOT_CLASS = YES_ERROR;
				CLANG_WARN_QUOTED_INCLUDE_IN_FRAMEWORK_HEADER = YES;
				CLANG_WARN_RANGE_LOOP_ANALYSIS = YES;
				CLANG_WARN_STRICT_PROTOTYPES = YES;
				CLANG_WARN_SUSPICIOUS_MOVE = YES;
				CLANG_WARN_UNGUARDED_AVAILABILITY = YES_AGGRESSIVE;
				CLANG_WARN_UNREACHABLE_CODE = YES;
				CLANG_WARN__DUPLICATE_METHOD_MATCH = YES;
				COPY_PHASE_STRIP = NO;
				DEBUG_INFORMATION_FORMAT = dwarf;
				ENABLE_STRICT_OBJC_MSGSEND = YES;
				ENABLE_TESTABILITY = YES;
				ENABLE_USER_SCRIPT_SANDBOXING = YES;
				GCC_C_LANGUAGE_STANDARD = gnu17;
				GCC_DYNAMIC_NO_PIC = NO;
				GCC_NO_COMMON_BLOCKS = YES;
				GCC_OPTIMIZATION_LEVEL = 0;
				GCC_PREPROCESSOR_DEFINITIONS = (
					"DEBUG=1",
					"$(inherited)",
				);
				GCC_WARN_64_TO_32_BIT_CONVERSION = YES;
				GCC_WARN_ABOUT_RETURN_TYPE = YES_ERROR;
				GCC_WARN_UNDECLARED_SELECTOR = YES;
				GCC_WARN_UNINITIALIZED_AUTOS = YES_AGGRESSIVE;
				GCC_WARN_UNUSED_FUNCTION = YES;
				GCC_WARN_UNUSED_VARIABLE = YES;
				IPHONEOS_DEPLOYMENT_TARGET = 17.0;
				LOCALIZATION_PREFERS_STRING_CATALOGS = YES;
				MTL_ENABLE_DEBUG_INFO = INCLUDE_SOURCE;
				MTL_FAST_MATH = YES;
				ONLY_ACTIVE_ARCH = YES;
				SDKROOT = iphoneos;
				SWIFT_ACTIVE_COMPILATION_CONDITIONS = "DEBUG $(inherited)";
				SWIFT_OPTIMIZATION_LEVEL = "-Onone";
			};
			name = Debug;
		};
		684BBCF52AE92A660029E84F /* Release */ = {
			isa = XCBuildConfiguration;
			buildSettings = {
				ALWAYS_SEARCH_USER_PATHS = NO;
				ASSETCATALOG_COMPILER_GENERATE_SWIFT_ASSET_SYMBOL_EXTENSIONS = YES;
				CLANG_ANALYZER_NONNULL = YES;
				CLANG_ANALYZER_NUMBER_OBJECT_CONVERSION = YES_AGGRESSIVE;
				CLANG_CXX_LANGUAGE_STANDARD = "gnu++20";
				CLANG_ENABLE_MODULES = YES;
				CLANG_ENABLE_OBJC_ARC = YES;
				CLANG_ENABLE_OBJC_WEAK = YES;
				CLANG_WARN_BLOCK_CAPTURE_AUTORELEASING = YES;
				CLANG_WARN_BOOL_CONVERSION = YES;
				CLANG_WARN_COMMA = YES;
				CLANG_WARN_CONSTANT_CONVERSION = YES;
				CLANG_WARN_DEPRECATED_OBJC_IMPLEMENTATIONS = YES;
				CLANG_WARN_DIRECT_OBJC_ISA_USAGE = YES_ERROR;
				CLANG_WARN_DOCUMENTATION_COMMENTS = YES;
				CLANG_WARN_EMPTY_BODY = YES;
				CLANG_WARN_ENUM_CONVERSION = YES;
				CLANG_WARN_INFINITE_RECURSION = YES;
				CLANG_WARN_INT_CONVERSION = YES;
				CLANG_WARN_NON_LITERAL_NULL_CONVERSION = YES;
				CLANG_WARN_OBJC_IMPLICIT_RETAIN_SELF = YES;
				CLANG_WARN_OBJC_LITERAL_CONVERSION = YES;
				CLANG_WARN_OBJC_ROOT_CLASS = YES_ERROR;
				CLANG_WARN_QUOTED_INCLUDE_IN_FRAMEWORK_HEADER = YES;
				CLANG_WARN_RANGE_LOOP_ANALYSIS = YES;
				CLANG_WARN_STRICT_PROTOTYPES = YES;
				CLANG_WARN_SUSPICIOUS_MOVE = YES;
				CLANG_WARN_UNGUARDED_AVAILABILITY = YES_AGGRESSIVE;
				CLANG_WARN_UNREACHABLE_CODE = YES;
				CLANG_WARN__DUPLICATE_METHOD_MATCH = YES;
				COPY_PHASE_STRIP = NO;
				DEBUG_INFORMATION_FORMAT = "dwarf-with-dsym";
				ENABLE_NS_ASSERTIONS = NO;
				ENABLE_STRICT_OBJC_MSGSEND = YES;
				ENABLE_USER_SCRIPT_SANDBOXING = YES;
				GCC_C_LANGUAGE_STANDARD = gnu17;
				GCC_NO_COMMON_BLOCKS = YES;
				GCC_WARN_64_TO_32_BIT_CONVERSION = YES;
				GCC_WARN_ABOUT_RETURN_TYPE = YES_ERROR;
				GCC_WARN_UNDECLARED_SELECTOR = YES;
				GCC_WARN_UNINITIALIZED_AUTOS = YES_AGGRESSIVE;
				GCC_WARN_UNUSED_FUNCTION = YES;
				GCC_WARN_UNUSED_VARIABLE = YES;
				IPHONEOS_DEPLOYMENT_TARGET = 17.0;
				LOCALIZATION_PREFERS_STRING_CATALOGS = YES;
				MTL_ENABLE_DEBUG_INFO = NO;
				MTL_FAST_MATH = YES;
				SDKROOT = iphoneos;
				SWIFT_COMPILATION_MODE = wholemodule;
				VALIDATE_PRODUCT = YES;
			};
			name = Release;
		};
		684BBCF72AE92A660029E84F /* Debug */ = {
			isa = XCBuildConfiguration;
			buildSettings = {
				ASSETCATALOG_COMPILER_APPICON_NAME = AppIcon;
				ASSETCATALOG_COMPILER_GLOBAL_ACCENT_COLOR_NAME = AccentColor;
				CODE_SIGN_STYLE = Automatic;
				CURRENT_PROJECT_VERSION = 1;
				DEVELOPMENT_ASSET_PATHS = "\"Todo/Preview Content\"";
				ENABLE_PREVIEWS = YES;
				GENERATE_INFOPLIST_FILE = YES;
				INFOPLIST_KEY_UIApplicationSceneManifest_Generation = YES;
				INFOPLIST_KEY_UIApplicationSupportsIndirectInputEvents = YES;
				INFOPLIST_KEY_UILaunchScreen_Generation = YES;
				INFOPLIST_KEY_UISupportedInterfaceOrientations_iPad = "UIInterfaceOrientationPortrait UIInterfaceOrientationPortraitUpsideDown UIInterfaceOrientationLandscapeLeft UIInterfaceOrientationLandscapeRight";
				INFOPLIST_KEY_UISupportedInterfaceOrientations_iPhone = "UIInterfaceOrientationPortrait UIInterfaceOrientationLandscapeLeft UIInterfaceOrientationLandscapeRight";
				LD_RUNPATH_SEARCH_PATHS = (
					"$(inherited)",
					"@executable_path/Frameworks",
				);
				MARKETING_VERSION = 1.0;
				PRODUCT_BUNDLE_IDENTIFIER = nicolaykjaernet.Todo;
				PRODUCT_NAME = "$(TARGET_NAME)";
				SWIFT_EMIT_LOC_STRINGS = YES;
				SWIFT_VERSION = 5.0;
				TARGETED_DEVICE_FAMILY = "1,2";
			};
			name = Debug;
		};
		684BBCF82AE92A660029E84F /* Release */ = {
			isa = XCBuildConfiguration;
			buildSettings = {
				ASSETCATALOG_COMPILER_APPICON_NAME = AppIcon;
				ASSETCATALOG_COMPILER_GLOBAL_ACCENT_COLOR_NAME = AccentColor;
				CODE_SIGN_STYLE = Automatic;
				CURRENT_PROJECT_VERSION = 1;
				DEVELOPMENT_ASSET_PATHS = "\"Todo/Preview Content\"";
				ENABLE_PREVIEWS = YES;
				GENERATE_INFOPLIST_FILE = YES;
				INFOPLIST_KEY_UIApplicationSceneManifest_Generation = YES;
				INFOPLIST_KEY_UIApplicationSupportsIndirectInputEvents = YES;
				INFOPLIST_KEY_UILaunchScreen_Generation = YES;
				INFOPLIST_KEY_UISupportedInterfaceOrientations_iPad = "UIInterfaceOrientationPortrait UIInterfaceOrientationPortraitUpsideDown UIInterfaceOrientationLandscapeLeft UIInterfaceOrientationLandscapeRight";
				INFOPLIST_KEY_UISupportedInterfaceOrientations_iPhone = "UIInterfaceOrientationPortrait UIInterfaceOrientationLandscapeLeft UIInterfaceOrientationLandscapeRight";
				LD_RUNPATH_SEARCH_PATHS = (
					"$(inherited)",
					"@executable_path/Frameworks",
				);
				MARKETING_VERSION = 1.0;
				PRODUCT_BUNDLE_IDENTIFIER = nicolaykjaernet.Todo;
				PRODUCT_NAME = "$(TARGET_NAME)";
				SWIFT_EMIT_LOC_STRINGS = YES;
				SWIFT_VERSION = 5.0;
				TARGETED_DEVICE_FAMILY = "1,2";
			};
			name = Release;
		};
		684BBCFA2AE92A660029E84F /* Debug */ = {
			isa = XCBuildConfiguration;
			buildSettings = {
				ALWAYS_EMBED_SWIFT_STANDARD_LIBRARIES = YES;
				BUNDLE_LOADER = "$(TEST_HOST)";
				CODE_SIGN_STYLE = Automatic;
				CURRENT_PROJECT_VERSION = 1;
				GENERATE_INFOPLIST_FILE = YES;
				IPHONEOS_DEPLOYMENT_TARGET = 17.0;
				MARKETING_VERSION = 1.0;
				PRODUCT_BUNDLE_IDENTIFIER = nicolaykjaernet.TodoTests;
				PRODUCT_NAME = "$(TARGET_NAME)";
				SWIFT_EMIT_LOC_STRINGS = NO;
				SWIFT_VERSION = 5.0;
				TARGETED_DEVICE_FAMILY = "1,2";
				TEST_HOST = "$(BUILT_PRODUCTS_DIR)/Todo.app/$(BUNDLE_EXECUTABLE_FOLDER_PATH)/Todo";
			};
			name = Debug;
		};
		684BBCFB2AE92A660029E84F /* Release */ = {
			isa = XCBuildConfiguration;
			buildSettings = {
				ALWAYS_EMBED_SWIFT_STANDARD_LIBRARIES = YES;
				BUNDLE_LOADER = "$(TEST_HOST)";
				CODE_SIGN_STYLE = Automatic;
				CURRENT_PROJECT_VERSION = 1;
				GENERATE_INFOPLIST_FILE = YES;
				IPHONEOS_DEPLOYMENT_TARGET = 17.0;
				MARKETING_VERSION = 1.0;
				PRODUCT_BUNDLE_IDENTIFIER = nicolaykjaernet.TodoTests;
				PRODUCT_NAME = "$(TARGET_NAME)";
				SWIFT_EMIT_LOC_STRINGS = NO;
				SWIFT_VERSION = 5.0;
				TARGETED_DEVICE_FAMILY = "1,2";
				TEST_HOST = "$(BUILT_PRODUCTS_DIR)/Todo.app/$(BUNDLE_EXECUTABLE_FOLDER_PATH)/Todo";
			};
			name = Release;
		};
		684BBCFD2AE92A660029E84F /* Debug */ = {
			isa = XCBuildConfiguration;
			buildSettings = {
				ALWAYS_EMBED_SWIFT_STANDARD_LIBRARIES = YES;
				CODE_SIGN_STYLE = Automatic;
				CURRENT_PROJECT_VERSION = 1;
				GENERATE_INFOPLIST_FILE = YES;
				MARKETING_VERSION = 1.0;
				PRODUCT_BUNDLE_IDENTIFIER = nicolaykjaernet.TodoUITests;
				PRODUCT_NAME = "$(TARGET_NAME)";
				SWIFT_EMIT_LOC_STRINGS = NO;
				SWIFT_VERSION = 5.0;
				TARGETED_DEVICE_FAMILY = "1,2";
				TEST_TARGET_NAME = Todo;
			};
			name = Debug;
		};
		684BBCFE2AE92A660029E84F /* Release */ = {
			isa = XCBuildConfiguration;
			buildSettings = {
				ALWAYS_EMBED_SWIFT_STANDARD_LIBRARIES = YES;
				CODE_SIGN_STYLE = Automatic;
				CURRENT_PROJECT_VERSION = 1;
				GENERATE_INFOPLIST_FILE = YES;
				MARKETING_VERSION = 1.0;
				PRODUCT_BUNDLE_IDENTIFIER = nicolaykjaernet.TodoUITests;
				PRODUCT_NAME = "$(TARGET_NAME)";
				SWIFT_EMIT_LOC_STRINGS = NO;
				SWIFT_VERSION = 5.0;
				TARGETED_DEVICE_FAMILY = "1,2";
				TEST_TARGET_NAME = Todo;
			};
			name = Release;
		};
/* End XCBuildConfiguration section */

/* Begin XCConfigurationList section */
		684BBCCD2AE92A640029E84F /* Build configuration list for PBXProject "Todo" */ = {
			isa = XCConfigurationList;
			buildConfigurations = (
				684BBCF42AE92A660029E84F /* Debug */,
				684BBCF52AE92A660029E84F /* Release */,
			);
			defaultConfigurationIsVisible = 0;
			defaultConfigurationName = Release;
		};
		684BBCF62AE92A660029E84F /* Build configuration list for PBXNativeTarget "Todo" */ = {
			isa = XCConfigurationList;
			buildConfigurations = (
				684BBCF72AE92A660029E84F /* Debug */,
				684BBCF82AE92A660029E84F /* Release */,
			);
			defaultConfigurationIsVisible = 0;
			defaultConfigurationName = Release;
		};
		684BBCF92AE92A660029E84F /* Build configuration list for PBXNativeTarget "TodoTests" */ = {
			isa = XCConfigurationList;
			buildConfigurations = (
				684BBCFA2AE92A660029E84F /* Debug */,
				684BBCFB2AE92A660029E84F /* Release */,
			);
			defaultConfigurationIsVisible = 0;
			defaultConfigurationName = Release;
		};
		684BBCFC2AE92A660029E84F /* Build configuration list for PBXNativeTarget "TodoUITests" */ = {
			isa = XCConfigurationList;
			buildConfigurations = (
				684BBCFD2AE92A660029E84F /* Debug */,
				684BBCFE2AE92A660029E84F /* Release */,
			);
			defaultConfigurationIsVisible = 0;
			defaultConfigurationName = Release;
		};
/* End XCConfigurationList section */

/* Begin XCVersionGroup section */
		68B9FEE42AEAD24C00D89559 /* Model.xcdatamodeld */ = {
			isa = XCVersionGroup;
			children = (
				68B9FEE52AEAD24C00D89559 /* Model.xcdatamodel */,
			);
			currentVersion = 68B9FEE52AEAD24C00D89559 /* Model.xcdatamodel */;
			path = Model.xcdatamodeld;
			sourceTree = "<group>";
			versionGroupType = wrapper.xcdatamodel;
		};
/* End XCVersionGroup section */
	};
	rootObject = 684BBCCA2AE92A640029E84F /* Project object */;
}
